
Microsoft Visual Studio Solution File, Format Version 12.00
# Visual Studio Version 16
VisualStudioVersion = 16.0.32510.428
MinimumVisualStudioVersion = 10.0.40219.1
Project("{FAE04EC0-301F-11D3-BF4B-00C04F79EFBC}") = "MySchool", "MySchool\MySchool.csproj", "{31C147CC-0BA1-47BC-A668-F42E22D9F1BF}"
EndProject
Global
	GlobalSection(SolutionConfigurationPlatforms) = preSolution
		Debug|Any CPU = Debug|Any CPU
		Release|Any CPU = Release|Any CPU
	EndGlobalSection
	GlobalSection(ProjectConfigurationPlatforms) = postSolution
		{31C147CC-0BA1-47BC-A668-F42E22D9F1BF}.Debug|Any CPU.ActiveCfg = Debug|Any CPU
		{31C147CC-0BA1-47BC-A668-F42E22D9F1BF}.Debug|Any CPU.Build.0 = Debug|Any CPU
		{31C147CC-0BA1-47BC-A668-F42E22D9F1BF}.Release|Any CPU.ActiveCfg = Release|Any CPU
		{31C147CC-0BA1-47BC-A668-F42E22D9F1BF}.Release|Any CPU.Build.0 = Release|Any CPU
	EndGlobalSection
	GlobalSection(SolutionProperties) = preSolution
		HideSolutionNode = FALSE
	EndGlobalSection
	GlobalSection(ExtensibilityGlobals) = postSolution
		SolutionGuid = {34918871-41FE-4FB2-861D-F8813841322A}
	EndGlobalSection
EndGlobal
